{
  "name": "personal-website",
  "version": "0.0.1",
  "lockfileVersion": 1,
  "requires": true,
  "dependencies": {
    "@stencil/core": {
      "version": "1.0.0-beta.7",
      "resolved": "https://registry.npmjs.org/@stencil/core/-/core-1.0.0-beta.7.tgz",
      "integrity": "sha512-LOju39CPgZS19FNM6MyD7XezhpaO+5O52+XTqU+b4A9kKi+22EWtU+MVQz7ogH6Bq4P+L9gqqgXo4VpmTnmIuQ==",
      "requires": {
        "typescript": "3.4.5"
      }
    },
    "@stencil/router": {
      "version": "1.0.0-1",
      "resolved": "https://registry.npmjs.org/@stencil/router/-/router-1.0.0-1.tgz",
      "integrity": "sha512-MUhvZz6gWF7jnp+ai9yySLbDnrY4BGfTvbpfgJn/24qGL8qUf6QUd6dguyKpKVeG9FJhwc0EoA4EPTYqUKPy1g==",
      "requires": {
        "@stencil/state-tunnel": "^1.0.0-1"
      }
    },
    "@stencil/sass": {
      "version": "0.2.3",
      "resolved": "https://registry.npmjs.org/@stencil/sass/-/sass-0.2.3.tgz",
      "integrity": "sha512-JmS0HQVZ+TuBdk+kvNkDJPQYLjC/sc3Ionsbo7/MccdSu7JLikdQ4JOdQClDMdaMV2m4jqHjlQMpxMtOWLf7CQ=="
    },
    "@stencil/state-tunnel": {
      "version": "1.0.0-1",
      "resolved": "https://registry.npmjs.org/@stencil/state-tunnel/-/state-tunnel-1.0.0-1.tgz",
      "integrity": "sha512-tjHVPItEFO7NRsDsa4gYbt1u4gPAF9GE1eeBW2QE3c1EmGb4+jq0SQjmPdsImVtIib+BRQ8ha1DjwVMBnrO0gQ=="
    },
    "@types/jest": {
      "version": "24.0.13",
      "resolved": "https://registry.npmjs.org/@types/jest/-/jest-24.0.13.tgz",
      "integrity": "sha512-3m6RPnO35r7Dg+uMLj1+xfZaOgIHHHut61djNjzwExXN4/Pm9has9C6I1KMYSfz7mahDhWUOVg4HW/nZdv5Pww==",
      "requires": {
        "@types/jest-diff": "*"
      }
    },
    "@types/jest-diff": {
      "version": "20.0.1",
      "resolved": "https://registry.npmjs.org/@types/jest-diff/-/jest-diff-20.0.1.tgz",
      "integrity": "sha512-yALhelO3i0hqZwhjtcr6dYyaLoCHbAMshwtj6cGxTvHZAKXHsYGdff6E8EPw3xLKY0ELUTQ69Q1rQiJENnccMA=="
    },
    "dlc-css-terminal": {
      "version": "0.0.2",
      "resolved": "https://registry.npmjs.org/dlc-css-terminal/-/dlc-css-terminal-0.0.2.tgz",
      "integrity": "sha512-shh+vR+RfL3xj7V4zHONTLIOaO16XBdJmrF67MO7p8eInmqt5F/VAg/yiQfu4RE7C9hoIqTaSm92cg2Sq5uDLw==",
      "requires": {
        "@stencil/sass": "^0.2.3",
        "@types/jest": "^24.0.13"
      }
    },
    "ionicons": {
      "version": "4.5.8",
      "resolved": "https://registry.npmjs.org/ionicons/-/ionicons-4.5.8.tgz",
      "integrity": "sha512-Zib/fFGHt+r9tWrvZnrxVj22cO4NVj+ZOb76v5yiOyvb0LSTbbReECDg7lEU8e+YR69qCtWHruStJ+b4G/OWxg=="
    },
    "typescript": {
      "version": "3.4.5",
      "resolved": "https://registry.npmjs.org/typescript/-/typescript-3.4.5.tgz",
      "integrity": "sha512-YycBxUb49UUhdNMU5aJ7z5Ej2XGmaIBL0x34vZ82fn3hGvD+bgrMrVDpatgz2f7YxUMJxMkbWxJZeAvDxVe7Vw=="
    }
  }
}
